# THIS IS AN AUTOGENERATED FILE. DO NOT EDIT THIS FILE DIRECTLY.
# yarn lockfile v1


"@yuniscm/biwascore@*":
  version "0.0.5"
  resolved "https://registry.yarnpkg.com/@yuniscm/biwascore/-/biwascore-0.0.5.tgz#e067af3c2e653ba714a265d86b8017e83caa3ed8"
  integrity sha512-SDukczfbSymb/pAnUayAByq8HfbpfxxL4aS0nEYZKEzKK6lVo7FVI7IH5gNjS511IaP3Pw+bZW/SioDYaH5lFg==
  dependencies:
    underscore "^1.9.1"
    underscore.string "^3.3.4"

sprintf-js@^1.0.3:
  version "1.1.2"
  resolved "https://registry.yarnpkg.com/sprintf-js/-/sprintf-js-1.1.2.tgz#da1765262bf8c0f571749f2ad6c26300207ae673"
  integrity sha512-VE0SOVEHCk7Qc8ulkWw3ntAzXuqf7S2lvwQaDLRnUeIEaKNQJzV6BwmLKhOqT61aGhfUMrXeaBk+oDGCzvhcug==

underscore.string@^3.3.4:
  version "3.3.5"
  resolved "https://registry.yarnpkg.com/underscore.string/-/underscore.string-3.3.5.tgz#fc2ad255b8bd309e239cbc5816fd23a9b7ea4023"
  integrity sha512-g+dpmgn+XBneLmXXo+sGlW5xQEt4ErkS3mgeN2GFbremYeMBSJKr9Wf2KJplQVaiPY/f7FN6atosWYNm9ovrYg==
  dependencies:
    sprintf-js "^1.0.3"
    util-deprecate "^1.0.2"

underscore@^1.9.1:
  version "1.9.1"
  resolved "https://registry.yarnpkg.com/underscore/-/underscore-1.9.1.tgz#06dce34a0e68a7babc29b365b8e74b8925203961"
  integrity sha512-5/4etnCkd9c8gwgowi5/om/mYO5ajCaOgdzj/oW+0eQV9WxKBDZw5+ycmKmeaTXjInS/W0BzpGLo2xR2aBwZdg==

util-deprecate@^1.0.2:
  version "1.0.2"
  resolved "https://registry.yarnpkg.com/util-deprecate/-/util-deprecate-1.0.2.tgz#450d4dc9fa70de732762fbd2d4a28981419a0ccf"
  integrity sha1-RQ1Nyfpw3nMnYvvS1KKJgUGaDM8=
