# THIS IS AN AUTOGENERATED FILE. DO NOT EDIT THIS FILE DIRECTLY.
# yarn lockfile v1


biwascheme@*:
  version "0.6.8"
  resolved "https://registry.yarnpkg.com/biwascheme/-/biwascheme-0.6.8.tgz#dea50c99fa479dfdd0929386fe3e25df2a4f4fba"
  dependencies:
    optparse "1.0.5"
    underscore "1.2.2"
    underscore.string "2.0.0"

optparse@1.0.5:
  version "1.0.5"
  resolved "https://registry.yarnpkg.com/optparse/-/optparse-1.0.5.tgz#75e75a96506611eb1c65ba89018ff08a981e2c16"

underscore.string@2.0.0:
  version "2.0.0"
  resolved "https://registry.yarnpkg.com/underscore.string/-/underscore.string-2.0.0.tgz#7470858a54a0bb3560d037da56dcc67b5181e11a"

underscore@1.2.2:
  version "1.2.2"
  resolved "https://registry.yarnpkg.com/underscore/-/underscore-1.2.2.tgz#74dd40e9face84e724eb2edae945b8aedc233ba3"
